
Microsoft Visual Studio Solution File, Format Version 12.00
# Visual Studio Version 16
VisualStudioVersion = 16.0.30104.148
MinimumVisualStudioVersion = 10.0.40219.1
Project("{FAE04EC0-301F-11D3-BF4B-00C04F79EFBC}") = "HelpDesk", "HelpDesk.csproj", "{37BE96D3-C6DE-4B7F-9870-346C34421CBD}"
EndProject
Global
	GlobalSection(SolutionConfigurationPlatforms) = preSolution
		Debug|Any CPU = Debug|Any CPU
		Release|Any CPU = Release|Any CPU
	EndGlobalSection
	GlobalSection(ProjectConfigurationPlatforms) = postSolution
		{37BE96D3-C6DE-4B7F-9870-346C34421CBD}.Debug|Any CPU.ActiveCfg = Debug|Any CPU
		{37BE96D3-C6DE-4B7F-9870-346C34421CBD}.Debug|Any CPU.Build.0 = Debug|Any CPU
		{37BE96D3-C6DE-4B7F-9870-346C34421CBD}.Release|Any CPU.ActiveCfg = Release|Any CPU
		{37BE96D3-C6DE-4B7F-9870-346C34421CBD}.Release|Any CPU.Build.0 = Release|Any CPU
	EndGlobalSection
	GlobalSection(SolutionProperties) = preSolution
		HideSolutionNode = FALSE
	EndGlobalSection
	GlobalSection(ExtensibilityGlobals) = postSolution
		SolutionGuid = {EB5D64DA-C99B-4B99-8BDD-DD06BDA39B00}
	EndGlobalSection
EndGlobal
